github.com/ncruces/go-sqlite3 v0.34.4 h1:bp8jd1o2CMvjkrrp1lOtHDu1TdzExNWACt+piQeMwzg=
github.com/ncruces/go-sqlite3 v0.34.4/go.mod h1:tOyhDWnzlrzflKIGw177imjuO4ZEbfOS1NJ67B1BanQ=
github.com/ncruces/go-sqlite3-wasm/v2 v2.6.35302 h1:IZCiInPIp6OhOc1skMDGOBMwMQuE1TK+QqVe35vd/ro=
github.com/ncruces/go-sqlite3-wasm/v2 v2.6.35302/go.mod h1:ELHF6yqC51E0DiitfabHXl/aKKouCihugbhNT5a+yEY=
github.com/ncruces/julianday v1.0.0 h1:fH0OKwa7NWvniGQtxdJRxAgkBMolni2BjDHaWTxqt7M=
github.com/ncruces/julianday v1.0.0/go.mod h1:Dusn2KvZrrovOMJuOt0TNXL6tB7U2E8kvza5fFc9G7g=
golang.org/x/sys v0.45.0 h1:dO4czNzziLiiXplLQgBCEpCvXQ3dnkn0SdaZSYdQ+FY=
golang.org/x/sys v0.45.0/go.mod h1:4GL1E5IUh+htKOUEOaiffhrAeqysfVGipDYzABqnCmw=
golang.org/x/text v0.37.0 h1:Cqjiwd9eSg8e0QAkyCaQTNHFIIzWtidPahFWR83rTrc=
golang.org/x/text v0.37.0/go.mod h1:a5sjxXGs9hsn/AJVwuElvCAo9v8QYLzvavO5z2PiM38=
